// !$*UTF8*$!
{
	archiveVersion = 1;
	classes = {
	};
	objectVersion = 56;
	objects = {

/* Begin PBXBuildFile section */
		12E246D2292D41A70031AF49 /* AppDelegate.swift in Sources */ = {isa = PBXBuildFile; fileRef = 12E246D1292D41A70031AF49 /* AppDelegate.swift */; };
		12E246D8292D41A70031AF49 /* GameScene.swift in Sources */ = {isa = PBXBuildFile; fileRef = 12E246D7292D41A70031AF49 /* GameScene.swift */; };
		12E246DA292D41A70031AF49 /* GameViewController.swift in Sources */ = {isa = PBXBuildFile; fileRef = 12E246D9292D41A70031AF49 /* GameViewController.swift */; };
		12E246DD292D41A70031AF49 /* Main.storyboard in Resources */ = {isa = PBXBuildFile; fileRef = 12E246DB292D41A70031AF49 /* Main.storyboard */; };
		12E246DF292D41A90031AF49 /* Assets.xcassets in Resources */ = {isa = PBXBuildFile; fileRef = 12E246DE292D41A90031AF49 /* Assets.xcassets */; };
		12E246E2292D41A90031AF49 /* LaunchScreen.storyboard in Resources */ = {isa = PBXBuildFile; fileRef = 12E246E0292D41A90031AF49 /* LaunchScreen.storyboard */; };
		12E246EA292D6CC00031AF49 /* BackgroundMovingState.swift in Sources */ = {isa = PBXBuildFile; fileRef = 12E246E9292D6CC00031AF49 /* BackgroundMovingState.swift */; };
		12E246EC292D6CD40031AF49 /* BackgroundStopState.swift in Sources */ = {isa = PBXBuildFile; fileRef = 12E246EB292D6CD40031AF49 /* BackgroundStopState.swift */; };
		12E246F0292D76000031AF49 /* Extensions+Classes.swift in Sources */ = {isa = PBXBuildFile; fileRef = 12E246EF292D76000031AF49 /* Extensions+Classes.swift */; };
		12E246F2292D769A0031AF49 /* BackgroundNode.swift in Sources */ = {isa = PBXBuildFile; fileRef = 12E246F1292D769A0031AF49 /* BackgroundNode.swift */; };
		12E3514E2932A03700781CB9 /* PlayerNode.swift in Sources */ = {isa = PBXBuildFile; fileRef = 12E3514D2932A03700781CB9 /* PlayerNode.swift */; };
		12E351502932A05A00781CB9 /* PlayerJumpState.swift in Sources */ = {isa = PBXBuildFile; fileRef = 12E3514F2932A05A00781CB9 /* PlayerJumpState.swift */; };
		12E351522932A06D00781CB9 /* PlayerMovingState.swift in Sources */ = {isa = PBXBuildFile; fileRef = 12E351512932A06D00781CB9 /* PlayerMovingState.swift */; };
		12E351552932B51D00781CB9 /* ButtonNode.swift in Sources */ = {isa = PBXBuildFile; fileRef = 12E351542932B51D00781CB9 /* ButtonNode.swift */; };
/* End PBXBuildFile section */

/* Begin PBXFileReference section */
		12E246CE292D41A70031AF49 /* StacksBird.app */ = {isa = PBXFileReference; explicitFileType = wrapper.application; includeInIndex = 0; path = StacksBird.app; sourceTree = BUILT_PRODUCTS_DIR; };
		12E246D1292D41A70031AF49 /* AppDelegate.swift */ = {isa = PBXFileReference; lastKnownFileType = sourcecode.swift; path = AppDelegate.swift; sourceTree = "<group>"; };
		12E246D7292D41A70031AF49 /* GameScene.swift */ = {isa = PBXFileReference; lastKnownFileType = sourcecode.swift; path = GameScene.swift; sourceTree = "<group>"; };
		12E246D9292D41A70031AF49 /* GameViewController.swift */ = {isa = PBXFileReference; lastKnownFileType = sourcecode.swift; path = GameViewController.swift; sourceTree = "<group>"; };
		12E246DC292D41A70031AF49 /* Base */ = {isa = PBXFileReference; lastKnownFileType = file.storyboard; name = Base; path = Base.lproj/Main.storyboard; sourceTree = "<group>"; };
		12E246DE292D41A90031AF49 /* Assets.xcassets */ = {isa = PBXFileReference; lastKnownFileType = folder.assetcatalog; path = Assets.xcassets; sourceTree = "<group>"; };
		12E246E1292D41A90031AF49 /* Base */ = {isa = PBXFileReference; lastKnownFileType = file.storyboard; name = Base; path = Base.lproj/LaunchScreen.storyboard; sourceTree = "<group>"; };
		12E246E9292D6CC00031AF49 /* BackgroundMovingState.swift */ = {isa = PBXFileReference; lastKnownFileType = sourcecode.swift; path = BackgroundMovingState.swift; sourceTree = "<group>"; };
		12E246EB292D6CD40031AF49 /* BackgroundStopState.swift */ = {isa = PBXFileReference; lastKnownFileType = sourcecode.swift; path = BackgroundStopState.swift; sourceTree = "<group>"; };
		12E246EF292D76000031AF49 /* Extensions+Classes.swift */ = {isa = PBXFileReference; lastKnownFileType = sourcecode.swift; path = "Extensions+Classes.swift"; sourceTree = "<group>"; };
		12E246F1292D769A0031AF49 /* BackgroundNode.swift */ = {isa = PBXFileReference; lastKnownFileType = sourcecode.swift; path = BackgroundNode.swift; sourceTree = "<group>"; };
		12E3514D2932A03700781CB9 /* PlayerNode.swift */ = {isa = PBXFileReference; lastKnownFileType = sourcecode.swift; path = PlayerNode.swift; sourceTree = "<group>"; };
		12E3514F2932A05A00781CB9 /* PlayerJumpState.swift */ = {isa = PBXFileReference; lastKnownFileType = sourcecode.swift; path = PlayerJumpState.swift; sourceTree = "<group>"; };
		12E351512932A06D00781CB9 /* PlayerMovingState.swift */ = {isa = PBXFileReference; lastKnownFileType = sourcecode.swift; path = PlayerMovingState.swift; sourceTree = "<group>"; };
		12E351542932B51D00781CB9 /* ButtonNode.swift */ = {isa = PBXFileReference; lastKnownFileType = sourcecode.swift; path = ButtonNode.swift; sourceTree = "<group>"; };
/* End PBXFileReference section */

/* Begin PBXFrameworksBuildPhase section */
		12E246CB292D41A70031AF49 /* Frameworks */ = {
			isa = PBXFrameworksBuildPhase;
			buildActionMask = 2147483647;
			files = (
			);
			runOnlyForDeploymentPostprocessing = 0;
		};
/* End PBXFrameworksBuildPhase section */

/* Begin PBXGroup section */
		12E246C5292D41A60031AF49 = {
			isa = PBXGroup;
			children = (
				12E246D0292D41A70031AF49 /* StacksBird */,
				12E246CF292D41A70031AF49 /* Products */,
			);
			sourceTree = "<group>";
		};
		12E246CF292D41A70031AF49 /* Products */ = {
			isa = PBXGroup;
			children = (
				12E246CE292D41A70031AF49 /* StacksBird.app */,
			);
			name = Products;
			sourceTree = "<group>";
		};
		12E246D0292D41A70031AF49 /* StacksBird */ = {
			isa = PBXGroup;
			children = (
				12E351532932B50800781CB9 /* Button */,
				12E246EF292D76000031AF49 /* Extensions+Classes.swift */,
				12E3514C29329B0100781CB9 /* Player */,
				12E246E8292D6C7A0031AF49 /* Background */,
				12E246D1292D41A70031AF49 /* AppDelegate.swift */,
				12E246D7292D41A70031AF49 /* GameScene.swift */,
				12E246D9292D41A70031AF49 /* GameViewController.swift */,
				12E246DE292D41A90031AF49 /* Assets.xcassets */,
				12E246DB292D41A70031AF49 /* Main.storyboard */,
				12E246E0292D41A90031AF49 /* LaunchScreen.storyboard */,
			);
			path = StacksBird;
			sourceTree = "<group>";
		};
		12E246E8292D6C7A0031AF49 /* Background */ = {
			isa = PBXGroup;
			children = (
				12E246F1292D769A0031AF49 /* BackgroundNode.swift */,
				12E246E9292D6CC00031AF49 /* BackgroundMovingState.swift */,
				12E246EB292D6CD40031AF49 /* BackgroundStopState.swift */,
			);
			path = Background;
			sourceTree = "<group>";
		};
		12E3514C29329B0100781CB9 /* Player */ = {
			isa = PBXGroup;
			children = (
				12E3514D2932A03700781CB9 /* PlayerNode.swift */,
				12E3514F2932A05A00781CB9 /* PlayerJumpState.swift */,
				12E351512932A06D00781CB9 /* PlayerMovingState.swift */,
			);
			path = Player;
			sourceTree = "<group>";
		};
		12E351532932B50800781CB9 /* Button */ = {
			isa = PBXGroup;
			children = (
				12E351542932B51D00781CB9 /* ButtonNode.swift */,
			);
			path = Button;
			sourceTree = "<group>";
		};
/* End PBXGroup section */

/* Begin PBXNativeTarget section */
		12E246CD292D41A70031AF49 /* StacksBird */ = {
			isa = PBXNativeTarget;
			buildConfigurationList = 12E246E5292D41A90031AF49 /* Build configuration list for PBXNativeTarget "StacksBird" */;
			buildPhases = (
				12E246CA292D41A70031AF49 /* Sources */,
				12E246CB292D41A70031AF49 /* Frameworks */,
				12E246CC292D41A70031AF49 /* Resources */,
			);
			buildRules = (
			);
			dependencies = (
			);
			name = StacksBird;
			productName = StacksBird;
			productReference = 12E246CE292D41A70031AF49 /* StacksBird.app */;
			productType = "com.apple.product-type.application";
		};
/* End PBXNativeTarget section */

/* Begin PBXProject section */
		12E246C6292D41A60031AF49 /* Project object */ = {
			isa = PBXProject;
			attributes = {
				BuildIndependentTargetsInParallel = 1;
				LastSwiftUpdateCheck = 1400;
				LastUpgradeCheck = 1400;
				TargetAttributes = {
					12E246CD292D41A70031AF49 = {
						CreatedOnToolsVersion = 14.0;
					};
				};
			};
			buildConfigurationList = 12E246C9292D41A60031AF49 /* Build configuration list for PBXProject "StacksBird" */;
			compatibilityVersion = "Xcode 14.0";
			developmentRegion = en;
			hasScannedForEncodings = 0;
			knownRegions = (
				en,
				Base,
			);
			mainGroup = 12E246C5292D41A60031AF49;
			productRefGroup = 12E246CF292D41A70031AF49 /* Products */;
			projectDirPath = "";
			projectRoot = "";
			targets = (
				12E246CD292D41A70031AF49 /* StacksBird */,
			);
		};
/* End PBXProject section */

/* Begin PBXResourcesBuildPhase section */
		12E246CC292D41A70031AF49 /* Resources */ = {
			isa = PBXResourcesBuildPhase;
			buildActionMask = 2147483647;
			files = (
				12E246DD292D41A70031AF49 /* Main.storyboard in Resources */,
				12E246DF292D41A90031AF49 /* Assets.xcassets in Resources */,
				12E246E2292D41A90031AF49 /* LaunchScreen.storyboard in Resources */,
			);
			runOnlyForDeploymentPostprocessing = 0;
		};
/* End PBXResourcesBuildPhase section */

/* Begin PBXSourcesBuildPhase section */
		12E246CA292D41A70031AF49 /* Sources */ = {
			isa = PBXSourcesBuildPhase;
			buildActionMask = 2147483647;
			files = (
				12E246F0292D76000031AF49 /* Extensions+Classes.swift in Sources */,
				12E246D8292D41A70031AF49 /* GameScene.swift in Sources */,
				12E351552932B51D00781CB9 /* ButtonNode.swift in Sources */,
				12E246DA292D41A70031AF49 /* GameViewController.swift in Sources */,
				12E246F2292D769A0031AF49 /* BackgroundNode.swift in Sources */,
				12E351522932A06D00781CB9 /* PlayerMovingState.swift in Sources */,
				12E246EC292D6CD40031AF49 /* BackgroundStopState.swift in Sources */,
				12E351502932A05A00781CB9 /* PlayerJumpState.swift in Sources */,
				12E246D2292D41A70031AF49 /* AppDelegate.swift in Sources */,
				12E3514E2932A03700781CB9 /* PlayerNode.swift in Sources */,
				12E246EA292D6CC00031AF49 /* BackgroundMovingState.swift in Sources */,
			);
			runOnlyForDeploymentPostprocessing = 0;
		};
/* End PBXSourcesBuildPhase section */

/* Begin PBXVariantGroup section */
		12E246DB292D41A70031AF49 /* Main.storyboard */ = {
			isa = PBXVariantGroup;
			children = (
				12E246DC292D41A70031AF49 /* Base */,
			);
			name = Main.storyboard;
			sourceTree = "<group>";
		};
		12E246E0292D41A90031AF49 /* LaunchScreen.storyboard */ = {
			isa = PBXVariantGroup;
			children = (
				12E246E1292D41A90031AF49 /* Base */,
			);
			name = LaunchScreen.storyboard;
			sourceTree = "<group>";
		};
/* End PBXVariantGroup section */

/* Begin XCBuildConfiguration section */
		12E246E3292D41A90031AF49 /* Debug */ = {
			isa = XCBuildConfiguration;
			buildSettings = {
				ALWAYS_SEARCH_USER_PATHS = NO;
				CLANG_ANALYZER_NONNULL = YES;
				CLANG_ANALYZER_NUMBER_OBJECT_CONVERSION = YES_AGGRESSIVE;
				CLANG_CXX_LANGUAGE_STANDARD = "gnu++20";
				CLANG_ENABLE_MODULES = YES;
				CLANG_ENABLE_OBJC_ARC = YES;
				CLANG_ENABLE_OBJC_WEAK = YES;
				CLANG_WARN_BLOCK_CAPTURE_AUTORELEASING = YES;
				CLANG_WARN_BOOL_CONVERSION = YES;
				CLANG_WARN_COMMA = YES;
				CLANG_WARN_CONSTANT_CONVERSION = YES;
				CLANG_WARN_DEPRECATED_OBJC_IMPLEMENTATIONS = YES;
				CLANG_WARN_DIRECT_OBJC_ISA_USAGE = YES_ERROR;
				CLANG_WARN_DOCUMENTATION_COMMENTS = YES;
				CLANG_WARN_EMPTY_BODY = YES;
				CLANG_WARN_ENUM_CONVERSION = YES;
				CLANG_WARN_INFINITE_RECURSION = YES;
				CLANG_WARN_INT_CONVERSION = YES;
				CLANG_WARN_NON_LITERAL_NULL_CONVERSION = YES;
				CLANG_WARN_OBJC_IMPLICIT_RETAIN_SELF = YES;
				CLANG_WARN_OBJC_LITERAL_CONVERSION = YES;
				CLANG_WARN_OBJC_ROOT_CLASS = YES_ERROR;
				CLANG_WARN_QUOTED_INCLUDE_IN_FRAMEWORK_HEADER = YES;
				CLANG_WARN_RANGE_LOOP_ANALYSIS = YES;
				CLANG_WARN_STRICT_PROTOTYPES = YES;
				CLANG_WARN_SUSPICIOUS_MOVE = YES;
				CLANG_WARN_UNGUARDED_AVAILABILITY = YES_AGGRESSIVE;
				CLANG_WARN_UNREACHABLE_CODE = YES;
				CLANG_WARN__DUPLICATE_METHOD_MATCH = YES;
				COPY_PHASE_STRIP = NO;
				DEBUG_INFORMATION_FORMAT = dwarf;
				ENABLE_STRICT_OBJC_MSGSEND = YES;
				ENABLE_TESTABILITY = YES;
				GCC_C_LANGUAGE_STANDARD = gnu11;
				GCC_DYNAMIC_NO_PIC = NO;
				GCC_NO_COMMON_BLOCKS = YES;
				GCC_OPTIMIZATION_LEVEL = 0;
				GCC_PREPROCESSOR_DEFINITIONS = (
					"DEBUG=1",
					"$(inherited)",
				);
				GCC_WARN_64_TO_32_BIT_CONVERSION = YES;
				GCC_WARN_ABOUT_RETURN_TYPE = YES_ERROR;
				GCC_WARN_UNDECLARED_SELECTOR = YES;
				GCC_WARN_UNINITIALIZED_AUTOS = YES_AGGRESSIVE;
				GCC_WARN_UNUSED_FUNCTION = YES;
				GCC_WARN_UNUSED_VARIABLE = YES;
				IPHONEOS_DEPLOYMENT_TARGET = 16.0;
				MTL_ENABLE_DEBUG_INFO = INCLUDE_SOURCE;
				MTL_FAST_MATH = YES;
				ONLY_ACTIVE_ARCH = YES;
				SDKROOT = iphoneos;
				SWIFT_ACTIVE_COMPILATION_CONDITIONS = DEBUG;
				SWIFT_OPTIMIZATION_LEVEL = "-Onone";
			};
			name = Debug;
		};
		12E246E4292D41A90031AF49 /* Release */ = {
			isa = XCBuildConfiguration;
			buildSettings = {
				ALWAYS_SEARCH_USER_PATHS = NO;
				CLANG_ANALYZER_NONNULL = YES;
				CLANG_ANALYZER_NUMBER_OBJECT_CONVERSION = YES_AGGRESSIVE;
				CLANG_CXX_LANGUAGE_STANDARD = "gnu++20";
				CLANG_ENABLE_MODULES = YES;
				CLANG_ENABLE_OBJC_ARC = YES;
				CLANG_ENABLE_OBJC_WEAK = YES;
				CLANG_WARN_BLOCK_CAPTURE_AUTORELEASING = YES;
				CLANG_WARN_BOOL_CONVERSION = YES;
				CLANG_WARN_COMMA = YES;
				CLANG_WARN_CONSTANT_CONVERSION = YES;
				CLANG_WARN_DEPRECATED_OBJC_IMPLEMENTATIONS = YES;
				CLANG_WARN_DIRECT_OBJC_ISA_USAGE = YES_ERROR;
				CLANG_WARN_DOCUMENTATION_COMMENTS = YES;
				CLANG_WARN_EMPTY_BODY = YES;
				CLANG_WARN_ENUM_CONVERSION = YES;
				CLANG_WARN_INFINITE_RECURSION = YES;
				CLANG_WARN_INT_CONVERSION = YES;
				CLANG_WARN_NON_LITERAL_NULL_CONVERSION = YES;
				CLANG_WARN_OBJC_IMPLICIT_RETAIN_SELF = YES;
				CLANG_WARN_OBJC_LITERAL_CONVERSION = YES;
				CLANG_WARN_OBJC_ROOT_CLASS = YES_ERROR;
				CLANG_WARN_QUOTED_INCLUDE_IN_FRAMEWORK_HEADER = YES;
				CLANG_WARN_RANGE_LOOP_ANALYSIS = YES;
				CLANG_WARN_STRICT_PROTOTYPES = YES;
				CLANG_WARN_SUSPICIOUS_MOVE = YES;
				CLANG_WARN_UNGUARDED_AVAILABILITY = YES_AGGRESSIVE;
				CLANG_WARN_UNREACHABLE_CODE = YES;
				CLANG_WARN__DUPLICATE_METHOD_MATCH = YES;
				COPY_PHASE_STRIP = NO;
				DEBUG_INFORMATION_FORMAT = "dwarf-with-dsym";
				ENABLE_NS_ASSERTIONS = NO;
				ENABLE_STRICT_OBJC_MSGSEND = YES;
				GCC_C_LANGUAGE_STANDARD = gnu11;
				GCC_NO_COMMON_BLOCKS = YES;
				GCC_WARN_64_TO_32_BIT_CONVERSION = YES;
				GCC_WARN_ABOUT_RETURN_TYPE = YES_ERROR;
				GCC_WARN_UNDECLARED_SELECTOR = YES;
				GCC_WARN_UNINITIALIZED_AUTOS = YES_AGGRESSIVE;
				GCC_WARN_UNUSED_FUNCTION = YES;
				GCC_WARN_UNUSED_VARIABLE = YES;
				IPHONEOS_DEPLOYMENT_TARGET = 16.0;
				MTL_ENABLE_DEBUG_INFO = NO;
				MTL_FAST_MATH = YES;
				SDKROOT = iphoneos;
				SWIFT_COMPILATION_MODE = wholemodule;
				SWIFT_OPTIMIZATION_LEVEL = "-O";
				VALIDATE_PRODUCT = YES;
			};
			name = Release;
		};
		12E246E6292D41A90031AF49 /* Debug */ = {
			isa = XCBuildConfiguration;
			buildSettings = {
				ASSETCATALOG_COMPILER_APPICON_NAME = AppIcon;
				ASSETCATALOG_COMPILER_GLOBAL_ACCENT_COLOR_NAME = AccentColor;
				CODE_SIGN_STYLE = Automatic;
				CURRENT_PROJECT_VERSION = 1;
				DEVELOPMENT_TEAM = KFCLN3TFTY;
				GENERATE_INFOPLIST_FILE = YES;
				INFOPLIST_KEY_UIApplicationSupportsIndirectInputEvents = YES;
				INFOPLIST_KEY_UILaunchStoryboardName = LaunchScreen;
				INFOPLIST_KEY_UIMainStoryboardFile = Main;
				INFOPLIST_KEY_UIStatusBarHidden = YES;
				INFOPLIST_KEY_UISupportedInterfaceOrientations_iPad = "UIInterfaceOrientationPortrait UIInterfaceOrientationPortraitUpsideDown UIInterfaceOrientationLandscapeLeft UIInterfaceOrientationLandscapeRight";
				INFOPLIST_KEY_UISupportedInterfaceOrientations_iPhone = "UIInterfaceOrientationPortrait UIInterfaceOrientationLandscapeLeft UIInterfaceOrientationLandscapeRight";
				LD_RUNPATH_SEARCH_PATHS = (
					"$(inherited)",
					"@executable_path/Frameworks",
				);
				MARKETING_VERSION = 1.0;
				PRODUCT_BUNDLE_IDENTIFIER = com.study.StacksBird;
				PRODUCT_NAME = "$(TARGET_NAME)";
				SWIFT_EMIT_LOC_STRINGS = YES;
				SWIFT_VERSION = 5.0;
				TARGETED_DEVICE_FAMILY = "1,2";
			};
			name = Debug;
		};
		12E246E7292D41A90031AF49 /* Release */ = {
			isa = XCBuildConfiguration;
			buildSettings = {
				ASSETCATALOG_COMPILER_APPICON_NAME = AppIcon;
				ASSETCATALOG_COMPILER_GLOBAL_ACCENT_COLOR_NAME = AccentColor;
				CODE_SIGN_STYLE = Automatic;
				CURRENT_PROJECT_VERSION = 1;
				DEVELOPMENT_TEAM = KFCLN3TFTY;
				GENERATE_INFOPLIST_FILE = YES;
				INFOPLIST_KEY_UIApplicationSupportsIndirectInputEvents = YES;
				INFOPLIST_KEY_UILaunchStoryboardName = LaunchScreen;
				INFOPLIST_KEY_UIMainStoryboardFile = Main;
				INFOPLIST_KEY_UIStatusBarHidden = YES;
				INFOPLIST_KEY_UISupportedInterfaceOrientations_iPad = "UIInterfaceOrientationPortrait UIInterfaceOrientationPortraitUpsideDown UIInterfaceOrientationLandscapeLeft UIInterfaceOrientationLandscapeRight";
				INFOPLIST_KEY_UISupportedInterfaceOrientations_iPhone = "UIInterfaceOrientationPortrait UIInterfaceOrientationLandscapeLeft UIInterfaceOrientationLandscapeRight";
				LD_RUNPATH_SEARCH_PATHS = (
					"$(inherited)",
					"@executable_path/Frameworks",
				);
				MARKETING_VERSION = 1.0;
				PRODUCT_BUNDLE_IDENTIFIER = com.study.StacksBird;
				PRODUCT_NAME = "$(TARGET_NAME)";
				SWIFT_EMIT_LOC_STRINGS = YES;
				SWIFT_VERSION = 5.0;
				TARGETED_DEVICE_FAMILY = "1,2";
			};
			name = Release;
		};
/* End XCBuildConfiguration section */

/* Begin XCConfigurationList section */
		12E246C9292D41A60031AF49 /* Build configuration list for PBXProject "StacksBird" */ = {
			isa = XCConfigurationList;
			buildConfigurations = (
				12E246E3292D41A90031AF49 /* Debug */,
				12E246E4292D41A90031AF49 /* Release */,
			);
			defaultConfigurationIsVisible = 0;
			defaultConfigurationName = Release;
		};
		12E246E5292D41A90031AF49 /* Build configuration list for PBXNativeTarget "StacksBird" */ = {
			isa = XCConfigurationList;
			buildConfigurations = (
				12E246E6292D41A90031AF49 /* Debug */,
				12E246E7292D41A90031AF49 /* Release */,
			);
			defaultConfigurationIsVisible = 0;
			defaultConfigurationName = Release;
		};
/* End XCConfigurationList section */
	};
	rootObject = 12E246C6292D41A60031AF49 /* Project object */;
}
